
Microsoft Visual Studio Solution File, Format Version 12.00
Project("{FAE04EC0-301F-11D3-BF4B-00C04F79EFBC}") = "View", "View\View.csproj", "{489C52F6-8C7A-4880-95BD-98665392AD51}"
EndProject
Project("{FAE04EC0-301F-11D3-BF4B-00C04F79EFBC}") = "Model", "Model\Model.csproj", "{6E158A2F-FA0C-4C8D-AC11-F8DA5D777124}"
EndProject
Global
	GlobalSection(SolutionConfigurationPlatforms) = preSolution
		Debug|Any CPU = Debug|Any CPU
		Release|Any CPU = Release|Any CPU
	EndGlobalSection
	GlobalSection(ProjectConfigurationPlatforms) = postSolution
		{489C52F6-8C7A-4880-95BD-98665392AD51}.Debug|Any CPU.ActiveCfg = Debug|Any CPU
		{489C52F6-8C7A-4880-95BD-98665392AD51}.Debug|Any CPU.Build.0 = Debug|Any CPU
		{489C52F6-8C7A-4880-95BD-98665392AD51}.Release|Any CPU.ActiveCfg = Release|Any CPU
		{489C52F6-8C7A-4880-95BD-98665392AD51}.Release|Any CPU.Build.0 = Release|Any CPU
		{6E158A2F-FA0C-4C8D-AC11-F8DA5D777124}.Debug|Any CPU.ActiveCfg = Debug|Any CPU
		{6E158A2F-FA0C-4C8D-AC11-F8DA5D777124}.Debug|Any CPU.Build.0 = Debug|Any CPU
		{6E158A2F-FA0C-4C8D-AC11-F8DA5D777124}.Release|Any CPU.ActiveCfg = Release|Any CPU
		{6E158A2F-FA0C-4C8D-AC11-F8DA5D777124}.Release|Any CPU.Build.0 = Release|Any CPU
	EndGlobalSection
EndGlobal
